
Microsoft Visual Studio Solution File, Format Version 12.00
# Visual Studio 15
VisualStudioVersion = 15.0.27703.2047
MinimumVisualStudioVersion = 10.0.40219.1
Project("{FAE04EC0-301F-11D3-BF4B-00C04F79EFBC}") = "BTree", "BTree\BTree.csproj", "{CF053C2A-9A4A-4C2F-9ACF-BF088617E022}"
EndProject
Global
	GlobalSection(SolutionConfigurationPlatforms) = preSolution
		Debug|Any CPU = Debug|Any CPU
		Release|Any CPU = Release|Any CPU
	EndGlobalSection
	GlobalSection(ProjectConfigurationPlatforms) = postSolution
		{CF053C2A-9A4A-4C2F-9ACF-BF088617E022}.Debug|Any CPU.ActiveCfg = Debug|Any CPU
		{CF053C2A-9A4A-4C2F-9ACF-BF088617E022}.Debug|Any CPU.Build.0 = Debug|Any CPU
		{CF053C2A-9A4A-4C2F-9ACF-BF088617E022}.Release|Any CPU.ActiveCfg = Release|Any CPU
		{CF053C2A-9A4A-4C2F-9ACF-BF088617E022}.Release|Any CPU.Build.0 = Release|Any CPU
	EndGlobalSection
	GlobalSection(SolutionProperties) = preSolution
		HideSolutionNode = FALSE
	EndGlobalSection
	GlobalSection(ExtensibilityGlobals) = postSolution
		SolutionGuid = {63B172CA-42EC-418E-936E-9B67C19F760A}
	EndGlobalSection
EndGlobal
